// !$*UTF8*$!
{
	archiveVersion = 1;
	classes = {
	};
	objectVersion = 50;
	objects = {

/* Begin PBXBuildFile section */
		3B8DA771233A359100A95526 /* JTACMonthReusableView.swift in Sources */ = {isa = PBXBuildFile; fileRef = 3B8DA758233A358F00A95526 /* JTACMonthReusableView.swift */; };
		3B8DA772233A359100A95526 /* JTACYearViewProtocols.swift in Sources */ = {isa = PBXBuildFile; fileRef = 3B8DA759233A358F00A95526 /* JTACYearViewProtocols.swift */; };
		3B8DA773233A359100A95526 /* JTACMonthView.swift in Sources */ = {isa = PBXBuildFile; fileRef = 3B8DA75A233A359000A95526 /* JTACMonthView.swift */; };
		3B8DA774233A359100A95526 /* CalendarStructs.swift in Sources */ = {isa = PBXBuildFile; fileRef = 3B8DA75B233A359000A95526 /* CalendarStructs.swift */; };
		3B8DA775233A359100A95526 /* JTACMonthActionFunctions.swift in Sources */ = {isa = PBXBuildFile; fileRef = 3B8DA75C233A359000A95526 /* JTACMonthActionFunctions.swift */; };
		3B8DA776233A359100A95526 /* JTACMonthLayoutProtocol.swift in Sources */ = {isa = PBXBuildFile; fileRef = 3B8DA75D233A359000A95526 /* JTACMonthLayoutProtocol.swift */; };
		3B8DA777233A359100A95526 /* JTACInteractionYearFunctions.swift in Sources */ = {isa = PBXBuildFile; fileRef = 3B8DA75E233A359000A95526 /* JTACInteractionYearFunctions.swift */; };
		3B8DA778233A359100A95526 /* JTACYearView.swift in Sources */ = {isa = PBXBuildFile; fileRef = 3B8DA75F233A359000A95526 /* JTACYearView.swift */; };
		3B8DA779233A359100A95526 /* JTAppleCalendar.h in Headers */ = {isa = PBXBuildFile; fileRef = 3B8DA760233A359000A95526 /* JTAppleCalendar.h */; settings = {ATTRIBUTES = (Public, ); }; };
		3B8DA77A233A359100A95526 /* JTACMonthLayoutVerticalCalendar.swift in Sources */ = {isa = PBXBuildFile; fileRef = 3B8DA761233A359000A95526 /* JTACMonthLayoutVerticalCalendar.swift */; };
		3B8DA77B233A359100A95526 /* JTACMonthDelegateProtocol.swift in Sources */ = {isa = PBXBuildFile; fileRef = 3B8DA762233A359000A95526 /* JTACMonthDelegateProtocol.swift */; };
		3B8DA77C233A359100A95526 /* JTACDayCell.swift in Sources */ = {isa = PBXBuildFile; fileRef = 3B8DA763233A359000A95526 /* JTACDayCell.swift */; };
		3B8DA77D233A359100A95526 /* JTACMonthLayoutHorizontalCalendar.swift in Sources */ = {isa = PBXBuildFile; fileRef = 3B8DA764233A359000A95526 /* JTACMonthLayoutHorizontalCalendar.swift */; };
		3B8DA77E233A359100A95526 /* JTACMonthViewProtocols.swift in Sources */ = {isa = PBXBuildFile; fileRef = 3B8DA765233A359000A95526 /* JTACMonthViewProtocols.swift */; };
		3B8DA77F233A359100A95526 /* JTACCollectionMonthViewDelegates.swift in Sources */ = {isa = PBXBuildFile; fileRef = 3B8DA766233A359000A95526 /* JTACCollectionMonthViewDelegates.swift */; };
		3B8DA780233A359100A95526 /* GlobalFunctionsAndExtensions.swift in Sources */ = {isa = PBXBuildFile; fileRef = 3B8DA767233A359000A95526 /* GlobalFunctionsAndExtensions.swift */; };
		3B8DA781233A359100A95526 /* JTACInteractionMonthFunctions.swift in Sources */ = {isa = PBXBuildFile; fileRef = 3B8DA768233A359000A95526 /* JTACInteractionMonthFunctions.swift */; };
		3B8DA782233A359100A95526 /* JTACScrollViewDelegates.swift in Sources */ = {isa = PBXBuildFile; fileRef = 3B8DA769233A359000A95526 /* JTACScrollViewDelegates.swift */; };
		3B8DA784233A359100A95526 /* JTACCollectionYearViewDelegates.swift in Sources */ = {isa = PBXBuildFile; fileRef = 3B8DA76B233A359000A95526 /* JTACCollectionYearViewDelegates.swift */; };
		3B8DA785233A359100A95526 /* JTACMonthCell.swift in Sources */ = {isa = PBXBuildFile; fileRef = 3B8DA76C233A359000A95526 /* JTACMonthCell.swift */; };
		3B8DA786233A359100A95526 /* JTACMonthLayout.swift in Sources */ = {isa = PBXBuildFile; fileRef = 3B8DA76D233A359000A95526 /* JTACMonthLayout.swift */; };
		3B8DA787233A359100A95526 /* CalendarEnums.swift in Sources */ = {isa = PBXBuildFile; fileRef = 3B8DA76E233A359000A95526 /* CalendarEnums.swift */; };
		3B8DA788233A359100A95526 /* JTACMonthQueryFunctions.swift in Sources */ = {isa = PBXBuildFile; fileRef = 3B8DA76F233A359000A95526 /* JTACMonthQueryFunctions.swift */; };
		3B8DA789233A359100A95526 /* JTACVariables.swift in Sources */ = {isa = PBXBuildFile; fileRef = 3B8DA770233A359100A95526 /* JTACVariables.swift */; };
/* End PBXBuildFile section */

/* Begin PBXFileReference section */
		3B8DA758233A358F00A95526 /* JTACMonthReusableView.swift */ = {isa = PBXFileReference; fileEncoding = 4; lastKnownFileType = sourcecode.swift; name = JTACMonthReusableView.swift; path = Sources/JTAppleCalendar/JTACMonthReusableView.swift; sourceTree = SOURCE_ROOT; };
		3B8DA759233A358F00A95526 /* JTACYearViewProtocols.swift */ = {isa = PBXFileReference; fileEncoding = 4; lastKnownFileType = sourcecode.swift; name = JTACYearViewProtocols.swift; path = Sources/JTAppleCalendar/JTACYearViewProtocols.swift; sourceTree = SOURCE_ROOT; };
		3B8DA75A233A359000A95526 /* JTACMonthView.swift */ = {isa = PBXFileReference; fileEncoding = 4; lastKnownFileType = sourcecode.swift; name = JTACMonthView.swift; path = Sources/JTAppleCalendar/JTACMonthView.swift; sourceTree = SOURCE_ROOT; };
		3B8DA75B233A359000A95526 /* CalendarStructs.swift */ = {isa = PBXFileReference; fileEncoding = 4; lastKnownFileType = sourcecode.swift; name = CalendarStructs.swift; path = Sources/JTAppleCalendar/CalendarStructs.swift; sourceTree = SOURCE_ROOT; };
		3B8DA75C233A359000A95526 /* JTACMonthActionFunctions.swift */ = {isa = PBXFileReference; fileEncoding = 4; lastKnownFileType = sourcecode.swift; name = JTACMonthActionFunctions.swift; path = Sources/JTAppleCalendar/JTACMonthActionFunctions.swift; sourceTree = SOURCE_ROOT; };
		3B8DA75D233A359000A95526 /* JTACMonthLayoutProtocol.swift */ = {isa = PBXFileReference; fileEncoding = 4; lastKnownFileType = sourcecode.swift; name = JTACMonthLayoutProtocol.swift; path = Sources/JTAppleCalendar/JTACMonthLayoutProtocol.swift; sourceTree = SOURCE_ROOT; };
		3B8DA75E233A359000A95526 /* JTACInteractionYearFunctions.swift */ = {isa = PBXFileReference; fileEncoding = 4; lastKnownFileType = sourcecode.swift; name = JTACInteractionYearFunctions.swift; path = Sources/JTAppleCalendar/JTACInteractionYearFunctions.swift; sourceTree = SOURCE_ROOT; };
		3B8DA75F233A359000A95526 /* JTACYearView.swift */ = {isa = PBXFileReference; fileEncoding = 4; lastKnownFileType = sourcecode.swift; name = JTACYearView.swift; path = Sources/JTAppleCalendar/JTACYearView.swift; sourceTree = SOURCE_ROOT; };
		3B8DA760233A359000A95526 /* JTAppleCalendar.h */ = {isa = PBXFileReference; fileEncoding = 4; lastKnownFileType = sourcecode.c.h; name = JTAppleCalendar.h; path = Sources/JTAppleCalendar/JTAppleCalendar.h; sourceTree = SOURCE_ROOT; };
		3B8DA761233A359000A95526 /* JTACMonthLayoutVerticalCalendar.swift */ = {isa = PBXFileReference; fileEncoding = 4; lastKnownFileType = sourcecode.swift; name = JTACMonthLayoutVerticalCalendar.swift; path = Sources/JTAppleCalendar/JTACMonthLayoutVerticalCalendar.swift; sourceTree = SOURCE_ROOT; };
		3B8DA762233A359000A95526 /* JTACMonthDelegateProtocol.swift */ = {isa = PBXFileReference; fileEncoding = 4; lastKnownFileType = sourcecode.swift; name = JTACMonthDelegateProtocol.swift; path = Sources/JTAppleCalendar/JTACMonthDelegateProtocol.swift; sourceTree = SOURCE_ROOT; };
		3B8DA763233A359000A95526 /* JTACDayCell.swift */ = {isa = PBXFileReference; fileEncoding = 4; lastKnownFileType = sourcecode.swift; name = JTACDayCell.swift; path = Sources/JTAppleCalendar/JTACDayCell.swift; sourceTree = SOURCE_ROOT; };
		3B8DA764233A359000A95526 /* JTACMonthLayoutHorizontalCalendar.swift */ = {isa = PBXFileReference; fileEncoding = 4; lastKnownFileType = sourcecode.swift; name = JTACMonthLayoutHorizontalCalendar.swift; path = Sources/JTAppleCalendar/JTACMonthLayoutHorizontalCalendar.swift; sourceTree = SOURCE_ROOT; };
		3B8DA765233A359000A95526 /* JTACMonthViewProtocols.swift */ = {isa = PBXFileReference; fileEncoding = 4; lastKnownFileType = sourcecode.swift; name = JTACMonthViewProtocols.swift; path = Sources/JTAppleCalendar/JTACMonthViewProtocols.swift; sourceTree = SOURCE_ROOT; };
		3B8DA766233A359000A95526 /* JTACCollectionMonthViewDelegates.swift */ = {isa = PBXFileReference; fileEncoding = 4; lastKnownFileType = sourcecode.swift; name = JTACCollectionMonthViewDelegates.swift; path = Sources/JTAppleCalendar/JTACCollectionMonthViewDelegates.swift; sourceTree = SOURCE_ROOT; };
		3B8DA767233A359000A95526 /* GlobalFunctionsAndExtensions.swift */ = {isa = PBXFileReference; fileEncoding = 4; lastKnownFileType = sourcecode.swift; name = GlobalFunctionsAndExtensions.swift; path = Sources/JTAppleCalendar/GlobalFunctionsAndExtensions.swift; sourceTree = SOURCE_ROOT; };
		3B8DA768233A359000A95526 /* JTACInteractionMonthFunctions.swift */ = {isa = PBXFileReference; fileEncoding = 4; lastKnownFileType = sourcecode.swift; name = JTACInteractionMonthFunctions.swift; path = Sources/JTAppleCalendar/JTACInteractionMonthFunctions.swift; sourceTree = SOURCE_ROOT; };
		3B8DA769233A359000A95526 /* JTACScrollViewDelegates.swift */ = {isa = PBXFileReference; fileEncoding = 4; lastKnownFileType = sourcecode.swift; name = JTACScrollViewDelegates.swift; path = Sources/JTAppleCalendar/JTACScrollViewDelegates.swift; sourceTree = SOURCE_ROOT; };
		3B8DA76A233A359000A95526 /* Info.plist */ = {isa = PBXFileReference; lastKnownFileType = text.plist; name = Info.plist; path = Sources/JTAppleCalendar/Info.plist; sourceTree = SOURCE_ROOT; };
		3B8DA76B233A359000A95526 /* JTACCollectionYearViewDelegates.swift */ = {isa = PBXFileReference; fileEncoding = 4; lastKnownFileType = sourcecode.swift; name = JTACCollectionYearViewDelegates.swift; path = Sources/JTAppleCalendar/JTACCollectionYearViewDelegates.swift; sourceTree = SOURCE_ROOT; };
		3B8DA76C233A359000A95526 /* JTACMonthCell.swift */ = {isa = PBXFileReference; fileEncoding = 4; lastKnownFileType = sourcecode.swift; name = JTACMonthCell.swift; path = Sources/JTAppleCalendar/JTACMonthCell.swift; sourceTree = SOURCE_ROOT; };
		3B8DA76D233A359000A95526 /* JTACMonthLayout.swift */ = {isa = PBXFileReference; fileEncoding = 4; lastKnownFileType = sourcecode.swift; name = JTACMonthLayout.swift; path = Sources/JTAppleCalendar/JTACMonthLayout.swift; sourceTree = SOURCE_ROOT; };
		3B8DA76E233A359000A95526 /* CalendarEnums.swift */ = {isa = PBXFileReference; fileEncoding = 4; lastKnownFileType = sourcecode.swift; name = CalendarEnums.swift; path = Sources/JTAppleCalendar/CalendarEnums.swift; sourceTree = SOURCE_ROOT; };
		3B8DA76F233A359000A95526 /* JTACMonthQueryFunctions.swift */ = {isa = PBXFileReference; fileEncoding = 4; lastKnownFileType = sourcecode.swift; name = JTACMonthQueryFunctions.swift; path = Sources/JTAppleCalendar/JTACMonthQueryFunctions.swift; sourceTree = SOURCE_ROOT; };
		3B8DA770233A359100A95526 /* JTACVariables.swift */ = {isa = PBXFileReference; fileEncoding = 4; lastKnownFileType = sourcecode.swift; name = JTACVariables.swift; path = Sources/JTAppleCalendar/JTACVariables.swift; sourceTree = SOURCE_ROOT; };
		3BE7994F233A346B00A37CA8 /* JTAppleCalendar.framework */ = {isa = PBXFileReference; explicitFileType = wrapper.framework; includeInIndex = 0; path = JTAppleCalendar.framework; sourceTree = BUILT_PRODUCTS_DIR; };
/* End PBXFileReference section */

/* Begin PBXFrameworksBuildPhase section */
		3BE7994C233A346B00A37CA8 /* Frameworks */ = {
			isa = PBXFrameworksBuildPhase;
			buildActionMask = 2147483647;
			files = (
			);
			runOnlyForDeploymentPostprocessing = 0;
		};
/* End PBXFrameworksBuildPhase section */

/* Begin PBXGroup section */
		3BE79945233A346B00A37CA8 = {
			isa = PBXGroup;
			children = (
				3BE79951233A346B00A37CA8 /* JTAppleCalendar */,
				3BE79950233A346B00A37CA8 /* Products */,
			);
			sourceTree = "<group>";
		};
		3BE79950233A346B00A37CA8 /* Products */ = {
			isa = PBXGroup;
			children = (
				3BE7994F233A346B00A37CA8 /* JTAppleCalendar.framework */,
			);
			name = Products;
			sourceTree = "<group>";
		};
		3BE79951233A346B00A37CA8 /* JTAppleCalendar */ = {
			isa = PBXGroup;
			children = (
				3B8DA76E233A359000A95526 /* CalendarEnums.swift */,
				3B8DA75B233A359000A95526 /* CalendarStructs.swift */,
				3B8DA767233A359000A95526 /* GlobalFunctionsAndExtensions.swift */,
				3B8DA76A233A359000A95526 /* Info.plist */,
				3B8DA766233A359000A95526 /* JTACCollectionMonthViewDelegates.swift */,
				3B8DA76B233A359000A95526 /* JTACCollectionYearViewDelegates.swift */,
				3B8DA763233A359000A95526 /* JTACDayCell.swift */,
				3B8DA768233A359000A95526 /* JTACInteractionMonthFunctions.swift */,
				3B8DA75E233A359000A95526 /* JTACInteractionYearFunctions.swift */,
				3B8DA75C233A359000A95526 /* JTACMonthActionFunctions.swift */,
				3B8DA76C233A359000A95526 /* JTACMonthCell.swift */,
				3B8DA762233A359000A95526 /* JTACMonthDelegateProtocol.swift */,
				3B8DA76D233A359000A95526 /* JTACMonthLayout.swift */,
				3B8DA764233A359000A95526 /* JTACMonthLayoutHorizontalCalendar.swift */,
				3B8DA75D233A359000A95526 /* JTACMonthLayoutProtocol.swift */,
				3B8DA761233A359000A95526 /* JTACMonthLayoutVerticalCalendar.swift */,
				3B8DA76F233A359000A95526 /* JTACMonthQueryFunctions.swift */,
				3B8DA758233A358F00A95526 /* JTACMonthReusableView.swift */,
				3B8DA75A233A359000A95526 /* JTACMonthView.swift */,
				3B8DA765233A359000A95526 /* JTACMonthViewProtocols.swift */,
				3B8DA769233A359000A95526 /* JTACScrollViewDelegates.swift */,
				3B8DA770233A359100A95526 /* JTACVariables.swift */,
				3B8DA75F233A359000A95526 /* JTACYearView.swift */,
				3B8DA759233A358F00A95526 /* JTACYearViewProtocols.swift */,
				3B8DA760233A359000A95526 /* JTAppleCalendar.h */,
			);
			path = JTAppleCalendar;
			sourceTree = "<group>";
		};
/* End PBXGroup section */

/* Begin PBXHeadersBuildPhase section */
		3BE7994A233A346B00A37CA8 /* Headers */ = {
			isa = PBXHeadersBuildPhase;
			buildActionMask = 2147483647;
			files = (
				3B8DA779233A359100A95526 /* JTAppleCalendar.h in Headers */,
			);
			runOnlyForDeploymentPostprocessing = 0;
		};
/* End PBXHeadersBuildPhase section */

/* Begin PBXNativeTarget section */
		3BE7994E233A346B00A37CA8 /* JTAppleCalendar */ = {
			isa = PBXNativeTarget;
			buildConfigurationList = 3BE79957233A346B00A37CA8 /* Build configuration list for PBXNativeTarget "JTAppleCalendar" */;
			buildPhases = (
				3BE7994A233A346B00A37CA8 /* Headers */,
				3BE7994B233A346B00A37CA8 /* Sources */,
				3BE7994C233A346B00A37CA8 /* Frameworks */,
				3BE7994D233A346B00A37CA8 /* Resources */,
			);
			buildRules = (
			);
			dependencies = (
			);
			name = JTAppleCalendar;
			productName = JTAppleCalendar;
			productReference = 3BE7994F233A346B00A37CA8 /* JTAppleCalendar.framework */;
			productType = "com.apple.product-type.framework";
		};
/* End PBXNativeTarget section */

/* Begin PBXProject section */
		3BE79946233A346B00A37CA8 /* Project object */ = {
			isa = PBXProject;
			attributes = {
				LastUpgradeCheck = 1100;
				ORGANIZATIONNAME = "Arnaud Boudou";
				TargetAttributes = {
					3BE7994E233A346B00A37CA8 = {
						CreatedOnToolsVersion = 11.0;
						LastSwiftMigration = 1100;
					};
				};
			};
			buildConfigurationList = 3BE79949233A346B00A37CA8 /* Build configuration list for PBXProject "JTAppleCalendar" */;
			compatibilityVersion = "Xcode 9.3";
			developmentRegion = en;
			hasScannedForEncodings = 0;
			knownRegions = (
				en,
				Base,
			);
			mainGroup = 3BE79945233A346B00A37CA8;
			productRefGroup = 3BE79950233A346B00A37CA8 /* Products */;
			projectDirPath = "";
			projectRoot = "";
			targets = (
				3BE7994E233A346B00A37CA8 /* JTAppleCalendar */,
			);
		};
/* End PBXProject section */

/* Begin PBXResourcesBuildPhase section */
		3BE7994D233A346B00A37CA8 /* Resources */ = {
			isa = PBXResourcesBuildPhase;
			buildActionMask = 2147483647;
			files = (
			);
			runOnlyForDeploymentPostprocessing = 0;
		};
/* End PBXResourcesBuildPhase section */

/* Begin PBXSourcesBuildPhase section */
		3BE7994B233A346B00A37CA8 /* Sources */ = {
			isa = PBXSourcesBuildPhase;
			buildActionMask = 2147483647;
			files = (
				3B8DA77D233A359100A95526 /* JTACMonthLayoutHorizontalCalendar.swift in Sources */,
				3B8DA787233A359100A95526 /* CalendarEnums.swift in Sources */,
				3B8DA775233A359100A95526 /* JTACMonthActionFunctions.swift in Sources */,
				3B8DA784233A359100A95526 /* JTACCollectionYearViewDelegates.swift in Sources */,
				3B8DA77E233A359100A95526 /* JTACMonthViewProtocols.swift in Sources */,
				3B8DA789233A359100A95526 /* JTACVariables.swift in Sources */,
				3B8DA788233A359100A95526 /* JTACMonthQueryFunctions.swift in Sources */,
				3B8DA771233A359100A95526 /* JTACMonthReusableView.swift in Sources */,
				3B8DA777233A359100A95526 /* JTACInteractionYearFunctions.swift in Sources */,
				3B8DA782233A359100A95526 /* JTACScrollViewDelegates.swift in Sources */,
				3B8DA77C233A359100A95526 /* JTACDayCell.swift in Sources */,
				3B8DA778233A359100A95526 /* JTACYearView.swift in Sources */,
				3B8DA781233A359100A95526 /* JTACInteractionMonthFunctions.swift in Sources */,
				3B8DA786233A359100A95526 /* JTACMonthLayout.swift in Sources */,
				3B8DA773233A359100A95526 /* JTACMonthView.swift in Sources */,
				3B8DA785233A359100A95526 /* JTACMonthCell.swift in Sources */,
				3B8DA77F233A359100A95526 /* JTACCollectionMonthViewDelegates.swift in Sources */,
				3B8DA77A233A359100A95526 /* JTACMonthLayoutVerticalCalendar.swift in Sources */,
				3B8DA774233A359100A95526 /* CalendarStructs.swift in Sources */,
				3B8DA776233A359100A95526 /* JTACMonthLayoutProtocol.swift in Sources */,
				3B8DA772233A359100A95526 /* JTACYearViewProtocols.swift in Sources */,
				3B8DA77B233A359100A95526 /* JTACMonthDelegateProtocol.swift in Sources */,
				3B8DA780233A359100A95526 /* GlobalFunctionsAndExtensions.swift in Sources */,
			);
			runOnlyForDeploymentPostprocessing = 0;
		};
/* End PBXSourcesBuildPhase section */

/* Begin XCBuildConfiguration section */
		3BE79955233A346B00A37CA8 /* Debug */ = {
			isa = XCBuildConfiguration;
			buildSettings = {
				ALWAYS_SEARCH_USER_PATHS = NO;
				CLANG_ANALYZER_NONNULL = YES;
				CLANG_ANALYZER_NUMBER_OBJECT_CONVERSION = YES_AGGRESSIVE;
				CLANG_CXX_LANGUAGE_STANDARD = "gnu++14";
				CLANG_CXX_LIBRARY = "libc++";
				CLANG_ENABLE_MODULES = YES;
				CLANG_ENABLE_OBJC_ARC = YES;
				CLANG_ENABLE_OBJC_WEAK = YES;
				CLANG_WARN_BLOCK_CAPTURE_AUTORELEASING = YES;
				CLANG_WARN_BOOL_CONVERSION = YES;
				CLANG_WARN_COMMA = YES;
				CLANG_WARN_CONSTANT_CONVERSION = YES;
				CLANG_WARN_DEPRECATED_OBJC_IMPLEMENTATIONS = YES;
				CLANG_WARN_DIRECT_OBJC_ISA_USAGE = YES_ERROR;
				CLANG_WARN_DOCUMENTATION_COMMENTS = YES;
				CLANG_WARN_EMPTY_BODY = YES;
				CLANG_WARN_ENUM_CONVERSION = YES;
				CLANG_WARN_INFINITE_RECURSION = YES;
				CLANG_WARN_INT_CONVERSION = YES;
				CLANG_WARN_NON_LITERAL_NULL_CONVERSION = YES;
				CLANG_WARN_OBJC_IMPLICIT_RETAIN_SELF = YES;
				CLANG_WARN_OBJC_LITERAL_CONVERSION = YES;
				CLANG_WARN_OBJC_ROOT_CLASS = YES_ERROR;
				CLANG_WARN_RANGE_LOOP_ANALYSIS = YES;
				CLANG_WARN_STRICT_PROTOTYPES = YES;
				CLANG_WARN_SUSPICIOUS_MOVE = YES;
				CLANG_WARN_UNGUARDED_AVAILABILITY = YES_AGGRESSIVE;
				CLANG_WARN_UNREACHABLE_CODE = YES;
				CLANG_WARN__DUPLICATE_METHOD_MATCH = YES;
				COPY_PHASE_STRIP = NO;
				CURRENT_PROJECT_VERSION = 1;
				DEBUG_INFORMATION_FORMAT = dwarf;
				ENABLE_STRICT_OBJC_MSGSEND = YES;
				ENABLE_TESTABILITY = YES;
				GCC_C_LANGUAGE_STANDARD = gnu11;
				GCC_DYNAMIC_NO_PIC = NO;
				GCC_NO_COMMON_BLOCKS = YES;
				GCC_OPTIMIZATION_LEVEL = 0;
				GCC_PREPROCESSOR_DEFINITIONS = (
					"DEBUG=1",
					"$(inherited)",
				);
				GCC_WARN_64_TO_32_BIT_CONVERSION = YES;
				GCC_WARN_ABOUT_RETURN_TYPE = YES_ERROR;
				GCC_WARN_UNDECLARED_SELECTOR = YES;
				GCC_WARN_UNINITIALIZED_AUTOS = YES_AGGRESSIVE;
				GCC_WARN_UNUSED_FUNCTION = YES;
				GCC_WARN_UNUSED_VARIABLE = YES;
				IPHONEOS_DEPLOYMENT_TARGET = 10.0;
				MTL_ENABLE_DEBUG_INFO = INCLUDE_SOURCE;
				MTL_FAST_MATH = YES;
				ONLY_ACTIVE_ARCH = YES;
				SDKROOT = iphoneos;
				SWIFT_ACTIVE_COMPILATION_CONDITIONS = DEBUG;
				SWIFT_OPTIMIZATION_LEVEL = "-Onone";
				VERSIONING_SYSTEM = "apple-generic";
				VERSION_INFO_PREFIX = "";
			};
			name = Debug;
		};
		3BE79956233A346B00A37CA8 /* Release */ = {
			isa = XCBuildConfiguration;
			buildSettings = {
				ALWAYS_SEARCH_USER_PATHS = NO;
				CLANG_ANALYZER_NONNULL = YES;
				CLANG_ANALYZER_NUMBER_OBJECT_CONVERSION = YES_AGGRESSIVE;
				CLANG_CXX_LANGUAGE_STANDARD = "gnu++14";
				CLANG_CXX_LIBRARY = "libc++";
				CLANG_ENABLE_MODULES = YES;
				CLANG_ENABLE_OBJC_ARC = YES;
				CLANG_ENABLE_OBJC_WEAK = YES;
				CLANG_WARN_BLOCK_CAPTURE_AUTORELEASING = YES;
				CLANG_WARN_BOOL_CONVERSION = YES;
				CLANG_WARN_COMMA = YES;
				CLANG_WARN_CONSTANT_CONVERSION = YES;
				CLANG_WARN_DEPRECATED_OBJC_IMPLEMENTATIONS = YES;
				CLANG_WARN_DIRECT_OBJC_ISA_USAGE = YES_ERROR;
				CLANG_WARN_DOCUMENTATION_COMMENTS = YES;
				CLANG_WARN_EMPTY_BODY = YES;
				CLANG_WARN_ENUM_CONVERSION = YES;
				CLANG_WARN_INFINITE_RECURSION = YES;
				CLANG_WARN_INT_CONVERSION = YES;
				CLANG_WARN_NON_LITERAL_NULL_CONVERSION = YES;
				CLANG_WARN_OBJC_IMPLICIT_RETAIN_SELF = YES;
				CLANG_WARN_OBJC_LITERAL_CONVERSION = YES;
				CLANG_WARN_OBJC_ROOT_CLASS = YES_ERROR;
				CLANG_WARN_RANGE_LOOP_ANALYSIS = YES;
				CLANG_WARN_STRICT_PROTOTYPES = YES;
				CLANG_WARN_SUSPICIOUS_MOVE = YES;
				CLANG_WARN_UNGUARDED_AVAILABILITY = YES_AGGRESSIVE;
				CLANG_WARN_UNREACHABLE_CODE = YES;
				CLANG_WARN__DUPLICATE_METHOD_MATCH = YES;
				COPY_PHASE_STRIP = NO;
				CURRENT_PROJECT_VERSION = 1;
				DEBUG_INFORMATION_FORMAT = "dwarf-with-dsym";
				ENABLE_NS_ASSERTIONS = NO;
				ENABLE_STRICT_OBJC_MSGSEND = YES;
				GCC_C_LANGUAGE_STANDARD = gnu11;
				GCC_NO_COMMON_BLOCKS = YES;
				GCC_WARN_64_TO_32_BIT_CONVERSION = YES;
				GCC_WARN_ABOUT_RETURN_TYPE = YES_ERROR;
				GCC_WARN_UNDECLARED_SELECTOR = YES;
				GCC_WARN_UNINITIALIZED_AUTOS = YES_AGGRESSIVE;
				GCC_WARN_UNUSED_FUNCTION = YES;
				GCC_WARN_UNUSED_VARIABLE = YES;
				IPHONEOS_DEPLOYMENT_TARGET = 10.0;
				MTL_ENABLE_DEBUG_INFO = NO;
				MTL_FAST_MATH = YES;
				SDKROOT = iphoneos;
				SWIFT_COMPILATION_MODE = wholemodule;
				SWIFT_OPTIMIZATION_LEVEL = "-O";
				VALIDATE_PRODUCT = YES;
				VERSIONING_SYSTEM = "apple-generic";
				VERSION_INFO_PREFIX = "";
			};
			name = Release;
		};
		3BE79958233A346B00A37CA8 /* Debug */ = {
			isa = XCBuildConfiguration;
			buildSettings = {
				CLANG_ENABLE_MODULES = YES;
				CODE_SIGN_STYLE = Automatic;
				DEFINES_MODULE = YES;
				DEVELOPMENT_TEAM = GBBYECNDQ9;
				DYLIB_COMPATIBILITY_VERSION = 1;
				DYLIB_CURRENT_VERSION = 1;
				DYLIB_INSTALL_NAME_BASE = "@rpath";
				INFOPLIST_FILE = "$(SRCROOT)/Sources/JTAppleCalendar/Info.plist";
				INSTALL_PATH = "$(LOCAL_LIBRARY_DIR)/Frameworks";
				IPHONEOS_DEPLOYMENT_TARGET = 10.0;
				LD_RUNPATH_SEARCH_PATHS = (
					"$(inherited)",
					"@executable_path/Frameworks",
					"@loader_path/Frameworks",
				);
				PRODUCT_BUNDLE_IDENTIFIER = com.patchthecode.JTAppleCalendar;
				PRODUCT_NAME = "$(TARGET_NAME:c99extidentifier)";
				SKIP_INSTALL = YES;
				SUPPORTS_MACCATALYST = NO;
				SWIFT_OPTIMIZATION_LEVEL = "-Onone";
				SWIFT_VERSION = 5.0;
				TARGETED_DEVICE_FAMILY = "1,2";
			};
			name = Debug;
		};
		3BE79959233A346B00A37CA8 /* Release */ = {
			isa = XCBuildConfiguration;
			buildSettings = {
				CLANG_ENABLE_MODULES = YES;
				CODE_SIGN_STYLE = Automatic;
				DEFINES_MODULE = YES;
				DEVELOPMENT_TEAM = GBBYECNDQ9;
				DYLIB_COMPATIBILITY_VERSION = 1;
				DYLIB_CURRENT_VERSION = 1;
				DYLIB_INSTALL_NAME_BASE = "@rpath";
				INFOPLIST_FILE = "$(SRCROOT)/Sources/JTAppleCalendar/Info.plist";
				INSTALL_PATH = "$(LOCAL_LIBRARY_DIR)/Frameworks";
				IPHONEOS_DEPLOYMENT_TARGET = 10.0;
				LD_RUNPATH_SEARCH_PATHS = (
					"$(inherited)",
					"@executable_path/Frameworks",
					"@loader_path/Frameworks",
				);
				PRODUCT_BUNDLE_IDENTIFIER = com.patchthecode.JTAppleCalendar;
				PRODUCT_NAME = "$(TARGET_NAME:c99extidentifier)";
				SKIP_INSTALL = YES;
				SUPPORTS_MACCATALYST = NO;
				SWIFT_VERSION = 5.0;
				TARGETED_DEVICE_FAMILY = "1,2";
			};
			name = Release;
		};
/* End XCBuildConfiguration section */

/* Begin XCConfigurationList section */
		3BE79949233A346B00A37CA8 /* Build configuration list for PBXProject "JTAppleCalendar" */ = {
			isa = XCConfigurationList;
			buildConfigurations = (
				3BE79955233A346B00A37CA8 /* Debug */,
				3BE79956233A346B00A37CA8 /* Release */,
			);
			defaultConfigurationIsVisible = 0;
			defaultConfigurationName = Release;
		};
		3BE79957233A346B00A37CA8 /* Build configuration list for PBXNativeTarget "JTAppleCalendar" */ = {
			isa = XCConfigurationList;
			buildConfigurations = (
				3BE79958233A346B00A37CA8 /* Debug */,
				3BE79959233A346B00A37CA8 /* Release */,
			);
			defaultConfigurationIsVisible = 0;
			defaultConfigurationName = Release;
		};
/* End XCConfigurationList section */
	};
	rootObject = 3BE79946233A346B00A37CA8 /* Project object */;
}
